
Microsoft Visual Studio Solution File, Format Version 12.00
# Visual Studio Version 17
VisualStudioVersion = 17.0.31903.59
MinimumVisualStudioVersion = 10.0.40219.1
Project("{FAE04EC0-301F-11D3-BF4B-00C04F79EFBC}") = "Flixtube.Web", "Flixtube.Web\Flixtube.Web.csproj", "{90DCB631-CE54-4A71-BA69-F99D96F50D95}"
EndProject
Project("{FAE04EC0-301F-11D3-BF4B-00C04F79EFBC}") = "Flixtube.Web.EndToEndTests", "Flixtube.Web.EndToEndTests\Flixtube.Web.EndToEndTests.csproj", "{8BCCD2B5-0144-45AF-B805-840BDA5811E2}"
EndProject
Global
	GlobalSection(SolutionConfigurationPlatforms) = preSolution
		Debug|Any CPU = Debug|Any CPU
		Release|Any CPU = Release|Any CPU
	EndGlobalSection
	GlobalSection(ProjectConfigurationPlatforms) = postSolution
		{90DCB631-CE54-4A71-BA69-F99D96F50D95}.Debug|Any CPU.ActiveCfg = Debug|Any CPU
		{90DCB631-CE54-4A71-BA69-F99D96F50D95}.Debug|Any CPU.Build.0 = Debug|Any CPU
		{90DCB631-CE54-4A71-BA69-F99D96F50D95}.Release|Any CPU.ActiveCfg = Release|Any CPU
		{90DCB631-CE54-4A71-BA69-F99D96F50D95}.Release|Any CPU.Build.0 = Release|Any CPU
		{8BCCD2B5-0144-45AF-B805-840BDA5811E2}.Debug|Any CPU.ActiveCfg = Debug|Any CPU
		{8BCCD2B5-0144-45AF-B805-840BDA5811E2}.Debug|Any CPU.Build.0 = Debug|Any CPU
		{8BCCD2B5-0144-45AF-B805-840BDA5811E2}.Release|Any CPU.ActiveCfg = Release|Any CPU
		{8BCCD2B5-0144-45AF-B805-840BDA5811E2}.Release|Any CPU.Build.0 = Release|Any CPU
	EndGlobalSection
	GlobalSection(SolutionProperties) = preSolution
		HideSolutionNode = FALSE
	EndGlobalSection
EndGlobal
